// !$*UTF8*$!
{
	archiveVersion = 1;
	classes = {
	};
	objectVersion = 56;
	objects = {

/* Begin PBXBuildFile section */
		BBBFA0072C4042E4001C4A74 /* FormValidationWithViewModelApp.swift in Sources */ = {isa = PBXBuildFile; fileRef = BBBFA0062C4042E4001C4A74 /* FormValidationWithViewModelApp.swift */; };
		BBBFA0092C4042E4001C4A74 /* LoginView.swift in Sources */ = {isa = PBXBuildFile; fileRef = BBBFA0082C4042E4001C4A74 /* LoginView.swift */; };
		BBBFA00B2C4042E4001C4A74 /* Assets.xcassets in Resources */ = {isa = PBXBuildFile; fileRef = BBBFA00A2C4042E4001C4A74 /* Assets.xcassets */; };
		BBBFA00E2C4042E4001C4A74 /* Preview Assets.xcassets in Resources */ = {isa = PBXBuildFile; fileRef = BBBFA00D2C4042E4001C4A74 /* Preview Assets.xcassets */; };
		BBBFA0182C4042E5001C4A74 /* FormValidationWithViewModelTests.swift in Sources */ = {isa = PBXBuildFile; fileRef = BBBFA0172C4042E5001C4A74 /* FormValidationWithViewModelTests.swift */; };
		BBBFA0222C4042E5001C4A74 /* FormValidationWithViewModelUITests.swift in Sources */ = {isa = PBXBuildFile; fileRef = BBBFA0212C4042E5001C4A74 /* FormValidationWithViewModelUITests.swift */; };
		BBBFA0242C4042E5001C4A74 /* FormValidationWithViewModelUITestsLaunchTests.swift in Sources */ = {isa = PBXBuildFile; fileRef = BBBFA0232C4042E5001C4A74 /* FormValidationWithViewModelUITestsLaunchTests.swift */; };
		BBBFA0322C404622001C4A74 /* LoginError.swift in Sources */ = {isa = PBXBuildFile; fileRef = BBBFA0312C404622001C4A74 /* LoginError.swift */; };
		BBBFA0352C4046DF001C4A74 /* String+Extensions.swift in Sources */ = {isa = PBXBuildFile; fileRef = BBBFA0342C4046DF001C4A74 /* String+Extensions.swift */; };
/* End PBXBuildFile section */

/* Begin PBXContainerItemProxy section */
		BBBFA0142C4042E5001C4A74 /* PBXContainerItemProxy */ = {
			isa = PBXContainerItemProxy;
			containerPortal = BBBF9FFB2C4042E4001C4A74 /* Project object */;
			proxyType = 1;
			remoteGlobalIDString = BBBFA0022C4042E4001C4A74;
			remoteInfo = FormValidationWithViewModel;
		};
		BBBFA01E2C4042E5001C4A74 /* PBXContainerItemProxy */ = {
			isa = PBXContainerItemProxy;
			containerPortal = BBBF9FFB2C4042E4001C4A74 /* Project object */;
			proxyType = 1;
			remoteGlobalIDString = BBBFA0022C4042E4001C4A74;
			remoteInfo = FormValidationWithViewModel;
		};
/* End PBXContainerItemProxy section */

/* Begin PBXFileReference section */
		BBBFA0032C4042E4001C4A74 /* FormValidationWithViewModel.app */ = {isa = PBXFileReference; explicitFileType = wrapper.application; includeInIndex = 0; path = FormValidationWithViewModel.app; sourceTree = BUILT_PRODUCTS_DIR; };
		BBBFA0062C4042E4001C4A74 /* FormValidationWithViewModelApp.swift */ = {isa = PBXFileReference; lastKnownFileType = sourcecode.swift; path = FormValidationWithViewModelApp.swift; sourceTree = "<group>"; };
		BBBFA0082C4042E4001C4A74 /* LoginView.swift */ = {isa = PBXFileReference; lastKnownFileType = sourcecode.swift; path = LoginView.swift; sourceTree = "<group>"; };
		BBBFA00A2C4042E4001C4A74 /* Assets.xcassets */ = {isa = PBXFileReference; lastKnownFileType = folder.assetcatalog; path = Assets.xcassets; sourceTree = "<group>"; };
		BBBFA00D2C4042E4001C4A74 /* Preview Assets.xcassets */ = {isa = PBXFileReference; lastKnownFileType = folder.assetcatalog; path = "Preview Assets.xcassets"; sourceTree = "<group>"; };
		BBBFA0132C4042E5001C4A74 /* FormValidationWithViewModelTests.xctest */ = {isa = PBXFileReference; explicitFileType = wrapper.cfbundle; includeInIndex = 0; path = FormValidationWithViewModelTests.xctest; sourceTree = BUILT_PRODUCTS_DIR; };
		BBBFA0172C4042E5001C4A74 /* FormValidationWithViewModelTests.swift */ = {isa = PBXFileReference; lastKnownFileType = sourcecode.swift; path = FormValidationWithViewModelTests.swift; sourceTree = "<group>"; };
		BBBFA01D2C4042E5001C4A74 /* FormValidationWithViewModelUITests.xctest */ = {isa = PBXFileReference; explicitFileType = wrapper.cfbundle; includeInIndex = 0; path = FormValidationWithViewModelUITests.xctest; sourceTree = BUILT_PRODUCTS_DIR; };
		BBBFA0212C4042E5001C4A74 /* FormValidationWithViewModelUITests.swift */ = {isa = PBXFileReference; lastKnownFileType = sourcecode.swift; path = FormValidationWithViewModelUITests.swift; sourceTree = "<group>"; };
		BBBFA0232C4042E5001C4A74 /* FormValidationWithViewModelUITestsLaunchTests.swift */ = {isa = PBXFileReference; lastKnownFileType = sourcecode.swift; path = FormValidationWithViewModelUITestsLaunchTests.swift; sourceTree = "<group>"; };
		BBBFA0312C404622001C4A74 /* LoginError.swift */ = {isa = PBXFileReference; lastKnownFileType = sourcecode.swift; path = LoginError.swift; sourceTree = "<group>"; };
		BBBFA0342C4046DF001C4A74 /* String+Extensions.swift */ = {isa = PBXFileReference; lastKnownFileType = sourcecode.swift; path = "String+Extensions.swift"; sourceTree = "<group>"; };
/* End PBXFileReference section */

/* Begin PBXFrameworksBuildPhase section */
		BBBFA0002C4042E4001C4A74 /* Frameworks */ = {
			isa = PBXFrameworksBuildPhase;
			buildActionMask = 2147483647;
			files = (
			);
			runOnlyForDeploymentPostprocessing = 0;
		};
		BBBFA0102C4042E5001C4A74 /* Frameworks */ = {
			isa = PBXFrameworksBuildPhase;
			buildActionMask = 2147483647;
			files = (
			);
			runOnlyForDeploymentPostprocessing = 0;
		};
		BBBFA01A2C4042E5001C4A74 /* Frameworks */ = {
			isa = PBXFrameworksBuildPhase;
			buildActionMask = 2147483647;
			files = (
			);
			runOnlyForDeploymentPostprocessing = 0;
		};
/* End PBXFrameworksBuildPhase section */

/* Begin PBXGroup section */
		BBBF9FFA2C4042E4001C4A74 = {
			isa = PBXGroup;
			children = (
				BBBFA0052C4042E4001C4A74 /* FormValidationWithViewModel */,
				BBBFA0162C4042E5001C4A74 /* FormValidationWithViewModelTests */,
				BBBFA0202C4042E5001C4A74 /* FormValidationWithViewModelUITests */,
				BBBFA0042C4042E4001C4A74 /* Products */,
			);
			sourceTree = "<group>";
		};
		BBBFA0042C4042E4001C4A74 /* Products */ = {
			isa = PBXGroup;
			children = (
				BBBFA0032C4042E4001C4A74 /* FormValidationWithViewModel.app */,
				BBBFA0132C4042E5001C4A74 /* FormValidationWithViewModelTests.xctest */,
				BBBFA01D2C4042E5001C4A74 /* FormValidationWithViewModelUITests.xctest */,
			);
			name = Products;
			sourceTree = "<group>";
		};
		BBBFA0052C4042E4001C4A74 /* FormValidationWithViewModel */ = {
			isa = PBXGroup;
			children = (
				BBBFA0332C4046D0001C4A74 /* Extensions */,
				BBBFA0302C404613001C4A74 /* Custom Errors */,
				BBBFA0062C4042E4001C4A74 /* FormValidationWithViewModelApp.swift */,
				BBBFA0082C4042E4001C4A74 /* LoginView.swift */,
				BBBFA00A2C4042E4001C4A74 /* Assets.xcassets */,
				BBBFA00C2C4042E4001C4A74 /* Preview Content */,
			);
			path = FormValidationWithViewModel;
			sourceTree = "<group>";
		};
		BBBFA00C2C4042E4001C4A74 /* Preview Content */ = {
			isa = PBXGroup;
			children = (
				BBBFA00D2C4042E4001C4A74 /* Preview Assets.xcassets */,
			);
			path = "Preview Content";
			sourceTree = "<group>";
		};
		BBBFA0162C4042E5001C4A74 /* FormValidationWithViewModelTests */ = {
			isa = PBXGroup;
			children = (
				BBBFA0172C4042E5001C4A74 /* FormValidationWithViewModelTests.swift */,
			);
			path = FormValidationWithViewModelTests;
			sourceTree = "<group>";
		};
		BBBFA0202C4042E5001C4A74 /* FormValidationWithViewModelUITests */ = {
			isa = PBXGroup;
			children = (
				BBBFA0212C4042E5001C4A74 /* FormValidationWithViewModelUITests.swift */,
				BBBFA0232C4042E5001C4A74 /* FormValidationWithViewModelUITestsLaunchTests.swift */,
			);
			path = FormValidationWithViewModelUITests;
			sourceTree = "<group>";
		};
		BBBFA0302C404613001C4A74 /* Custom Errors */ = {
			isa = PBXGroup;
			children = (
				BBBFA0312C404622001C4A74 /* LoginError.swift */,
			);
			path = "Custom Errors";
			sourceTree = "<group>";
		};
		BBBFA0332C4046D0001C4A74 /* Extensions */ = {
			isa = PBXGroup;
			children = (
				BBBFA0342C4046DF001C4A74 /* String+Extensions.swift */,
			);
			path = Extensions;
			sourceTree = "<group>";
		};
/* End PBXGroup section */

/* Begin PBXNativeTarget section */
		BBBFA0022C4042E4001C4A74 /* FormValidationWithViewModel */ = {
			isa = PBXNativeTarget;
			buildConfigurationList = BBBFA0272C4042E5001C4A74 /* Build configuration list for PBXNativeTarget "FormValidationWithViewModel" */;
			buildPhases = (
				BBBF9FFF2C4042E4001C4A74 /* Sources */,
				BBBFA0002C4042E4001C4A74 /* Frameworks */,
				BBBFA0012C4042E4001C4A74 /* Resources */,
			);
			buildRules = (
			);
			dependencies = (
			);
			name = FormValidationWithViewModel;
			productName = FormValidationWithViewModel;
			productReference = BBBFA0032C4042E4001C4A74 /* FormValidationWithViewModel.app */;
			productType = "com.apple.product-type.application";
		};
		BBBFA0122C4042E5001C4A74 /* FormValidationWithViewModelTests */ = {
			isa = PBXNativeTarget;
			buildConfigurationList = BBBFA02A2C4042E5001C4A74 /* Build configuration list for PBXNativeTarget "FormValidationWithViewModelTests" */;
			buildPhases = (
				BBBFA00F2C4042E5001C4A74 /* Sources */,
				BBBFA0102C4042E5001C4A74 /* Frameworks */,
				BBBFA0112C4042E5001C4A74 /* Resources */,
			);
			buildRules = (
			);
			dependencies = (
				BBBFA0152C4042E5001C4A74 /* PBXTargetDependency */,
			);
			name = FormValidationWithViewModelTests;
			productName = FormValidationWithViewModelTests;
			productReference = BBBFA0132C4042E5001C4A74 /* FormValidationWithViewModelTests.xctest */;
			productType = "com.apple.product-type.bundle.unit-test";
		};
		BBBFA01C2C4042E5001C4A74 /* FormValidationWithViewModelUITests */ = {
			isa = PBXNativeTarget;
			buildConfigurationList = BBBFA02D2C4042E5001C4A74 /* Build configuration list for PBXNativeTarget "FormValidationWithViewModelUITests" */;
			buildPhases = (
				BBBFA0192C4042E5001C4A74 /* Sources */,
				BBBFA01A2C4042E5001C4A74 /* Frameworks */,
				BBBFA01B2C4042E5001C4A74 /* Resources */,
			);
			buildRules = (
			);
			dependencies = (
				BBBFA01F2C4042E5001C4A74 /* PBXTargetDependency */,
			);
			name = FormValidationWithViewModelUITests;
			productName = FormValidationWithViewModelUITests;
			productReference = BBBFA01D2C4042E5001C4A74 /* FormValidationWithViewModelUITests.xctest */;
			productType = "com.apple.product-type.bundle.ui-testing";
		};
/* End PBXNativeTarget section */

/* Begin PBXProject section */
		BBBF9FFB2C4042E4001C4A74 /* Project object */ = {
			isa = PBXProject;
			attributes = {
				BuildIndependentTargetsInParallel = 1;
				LastSwiftUpdateCheck = 1540;
				LastUpgradeCheck = 1540;
				TargetAttributes = {
					BBBFA0022C4042E4001C4A74 = {
						CreatedOnToolsVersion = 15.4;
					};
					BBBFA0122C4042E5001C4A74 = {
						CreatedOnToolsVersion = 15.4;
						TestTargetID = BBBFA0022C4042E4001C4A74;
					};
					BBBFA01C2C4042E5001C4A74 = {
						CreatedOnToolsVersion = 15.4;
						TestTargetID = BBBFA0022C4042E4001C4A74;
					};
				};
			};
			buildConfigurationList = BBBF9FFE2C4042E4001C4A74 /* Build configuration list for PBXProject "FormValidationWithViewModel" */;
			compatibilityVersion = "Xcode 14.0";
			developmentRegion = en;
			hasScannedForEncodings = 0;
			knownRegions = (
				en,
				Base,
			);
			mainGroup = BBBF9FFA2C4042E4001C4A74;
			productRefGroup = BBBFA0042C4042E4001C4A74 /* Products */;
			projectDirPath = "";
			projectRoot = "";
			targets = (
				BBBFA0022C4042E4001C4A74 /* FormValidationWithViewModel */,
				BBBFA0122C4042E5001C4A74 /* FormValidationWithViewModelTests */,
				BBBFA01C2C4042E5001C4A74 /* FormValidationWithViewModelUITests */,
			);
		};
/* End PBXProject section */

/* Begin PBXResourcesBuildPhase section */
		BBBFA0012C4042E4001C4A74 /* Resources */ = {
			isa = PBXResourcesBuildPhase;
			buildActionMask = 2147483647;
			files = (
				BBBFA00E2C4042E4001C4A74 /* Preview Assets.xcassets in Resources */,
				BBBFA00B2C4042E4001C4A74 /* Assets.xcassets in Resources */,
			);
			runOnlyForDeploymentPostprocessing = 0;
		};
		BBBFA0112C4042E5001C4A74 /* Resources */ = {
			isa = PBXResourcesBuildPhase;
			buildActionMask = 2147483647;
			files = (
			);
			runOnlyForDeploymentPostprocessing = 0;
		};
		BBBFA01B2C4042E5001C4A74 /* Resources */ = {
			isa = PBXResourcesBuildPhase;
			buildActionMask = 2147483647;
			files = (
			);
			runOnlyForDeploymentPostprocessing = 0;
		};
/* End PBXResourcesBuildPhase section */

/* Begin PBXSourcesBuildPhase section */
		BBBF9FFF2C4042E4001C4A74 /* Sources */ = {
			isa = PBXSourcesBuildPhase;
			buildActionMask = 2147483647;
			files = (
				BBBFA0352C4046DF001C4A74 /* String+Extensions.swift in Sources */,
				BBBFA0092C4042E4001C4A74 /* LoginView.swift in Sources */,
				BBBFA0072C4042E4001C4A74 /* FormValidationWithViewModelApp.swift in Sources */,
				BBBFA0322C404622001C4A74 /* LoginError.swift in Sources */,
			);
			runOnlyForDeploymentPostprocessing = 0;
		};
		BBBFA00F2C4042E5001C4A74 /* Sources */ = {
			isa = PBXSourcesBuildPhase;
			buildActionMask = 2147483647;
			files = (
				BBBFA0182C4042E5001C4A74 /* FormValidationWithViewModelTests.swift in Sources */,
			);
			runOnlyForDeploymentPostprocessing = 0;
		};
		BBBFA0192C4042E5001C4A74 /* Sources */ = {
			isa = PBXSourcesBuildPhase;
			buildActionMask = 2147483647;
			files = (
				BBBFA0242C4042E5001C4A74 /* FormValidationWithViewModelUITestsLaunchTests.swift in Sources */,
				BBBFA0222C4042E5001C4A74 /* FormValidationWithViewModelUITests.swift in Sources */,
			);
			runOnlyForDeploymentPostprocessing = 0;
		};
/* End PBXSourcesBuildPhase section */

/* Begin PBXTargetDependency section */
		BBBFA0152C4042E5001C4A74 /* PBXTargetDependency */ = {
			isa = PBXTargetDependency;
			target = BBBFA0022C4042E4001C4A74 /* FormValidationWithViewModel */;
			targetProxy = BBBFA0142C4042E5001C4A74 /* PBXContainerItemProxy */;
		};
		BBBFA01F2C4042E5001C4A74 /* PBXTargetDependency */ = {
			isa = PBXTargetDependency;
			target = BBBFA0022C4042E4001C4A74 /* FormValidationWithViewModel */;
			targetProxy = BBBFA01E2C4042E5001C4A74 /* PBXContainerItemProxy */;
		};
/* End PBXTargetDependency section */

/* Begin XCBuildConfiguration section */
		BBBFA0252C4042E5001C4A74 /* Debug */ = {
			isa = XCBuildConfiguration;
			buildSettings = {
				ALWAYS_SEARCH_USER_PATHS = NO;
				ASSETCATALOG_COMPILER_GENERATE_SWIFT_ASSET_SYMBOL_EXTENSIONS = YES;
				CLANG_ANALYZER_NONNULL = YES;
				CLANG_ANALYZER_NUMBER_OBJECT_CONVERSION = YES_AGGRESSIVE;
				CLANG_CXX_LANGUAGE_STANDARD = "gnu++20";
				CLANG_ENABLE_MODULES = YES;
				CLANG_ENABLE_OBJC_ARC = YES;
				CLANG_ENABLE_OBJC_WEAK = YES;
				CLANG_WARN_BLOCK_CAPTURE_AUTORELEASING = YES;
				CLANG_WARN_BOOL_CONVERSION = YES;
				CLANG_WARN_COMMA = YES;
				CLANG_WARN_CONSTANT_CONVERSION = YES;
				CLANG_WARN_DEPRECATED_OBJC_IMPLEMENTATIONS = YES;
				CLANG_WARN_DIRECT_OBJC_ISA_USAGE = YES_ERROR;
				CLANG_WARN_DOCUMENTATION_COMMENTS = YES;
				CLANG_WARN_EMPTY_BODY = YES;
				CLANG_WARN_ENUM_CONVERSION = YES;
				CLANG_WARN_INFINITE_RECURSION = YES;
				CLANG_WARN_INT_CONVERSION = YES;
				CLANG_WARN_NON_LITERAL_NULL_CONVERSION = YES;
				CLANG_WARN_OBJC_IMPLICIT_RETAIN_SELF = YES;
				CLANG_WARN_OBJC_LITERAL_CONVERSION = YES;
				CLANG_WARN_OBJC_ROOT_CLASS = YES_ERROR;
				CLANG_WARN_QUOTED_INCLUDE_IN_FRAMEWORK_HEADER = YES;
				CLANG_WARN_RANGE_LOOP_ANALYSIS = YES;
				CLANG_WARN_STRICT_PROTOTYPES = YES;
				CLANG_WARN_SUSPICIOUS_MOVE = YES;
				CLANG_WARN_UNGUARDED_AVAILABILITY = YES_AGGRESSIVE;
				CLANG_WARN_UNREACHABLE_CODE = YES;
				CLANG_WARN__DUPLICATE_METHOD_MATCH = YES;
				COPY_PHASE_STRIP = NO;
				DEBUG_INFORMATION_FORMAT = dwarf;
				ENABLE_STRICT_OBJC_MSGSEND = YES;
				ENABLE_TESTABILITY = YES;
				ENABLE_USER_SCRIPT_SANDBOXING = YES;
				GCC_C_LANGUAGE_STANDARD = gnu17;
				GCC_DYNAMIC_NO_PIC = NO;
				GCC_NO_COMMON_BLOCKS = YES;
				GCC_OPTIMIZATION_LEVEL = 0;
				GCC_PREPROCESSOR_DEFINITIONS = (
					"DEBUG=1",
					"$(inherited)",
				);
				GCC_WARN_64_TO_32_BIT_CONVERSION = YES;
				GCC_WARN_ABOUT_RETURN_TYPE = YES_ERROR;
				GCC_WARN_UNDECLARED_SELECTOR = YES;
				GCC_WARN_UNINITIALIZED_AUTOS = YES_AGGRESSIVE;
				GCC_WARN_UNUSED_FUNCTION = YES;
				GCC_WARN_UNUSED_VARIABLE = YES;
				IPHONEOS_DEPLOYMENT_TARGET = 17.5;
				LOCALIZATION_PREFERS_STRING_CATALOGS = YES;
				MTL_ENABLE_DEBUG_INFO = INCLUDE_SOURCE;
				MTL_FAST_MATH = YES;
				ONLY_ACTIVE_ARCH = YES;
				SDKROOT = iphoneos;
				SWIFT_ACTIVE_COMPILATION_CONDITIONS = "DEBUG $(inherited)";
				SWIFT_OPTIMIZATION_LEVEL = "-Onone";
			};
			name = Debug;
		};
		BBBFA0262C4042E5001C4A74 /* Release */ = {
			isa = XCBuildConfiguration;
			buildSettings = {
				ALWAYS_SEARCH_USER_PATHS = NO;
				ASSETCATALOG_COMPILER_GENERATE_SWIFT_ASSET_SYMBOL_EXTENSIONS = YES;
				CLANG_ANALYZER_NONNULL = YES;
				CLANG_ANALYZER_NUMBER_OBJECT_CONVERSION = YES_AGGRESSIVE;
				CLANG_CXX_LANGUAGE_STANDARD = "gnu++20";
				CLANG_ENABLE_MODULES = YES;
				CLANG_ENABLE_OBJC_ARC = YES;
				CLANG_ENABLE_OBJC_WEAK = YES;
				CLANG_WARN_BLOCK_CAPTURE_AUTORELEASING = YES;
				CLANG_WARN_BOOL_CONVERSION = YES;
				CLANG_WARN_COMMA = YES;
				CLANG_WARN_CONSTANT_CONVERSION = YES;
				CLANG_WARN_DEPRECATED_OBJC_IMPLEMENTATIONS = YES;
				CLANG_WARN_DIRECT_OBJC_ISA_USAGE = YES_ERROR;
				CLANG_WARN_DOCUMENTATION_COMMENTS = YES;
				CLANG_WARN_EMPTY_BODY = YES;
				CLANG_WARN_ENUM_CONVERSION = YES;
				CLANG_WARN_INFINITE_RECURSION = YES;
				CLANG_WARN_INT_CONVERSION = YES;
				CLANG_WARN_NON_LITERAL_NULL_CONVERSION = YES;
				CLANG_WARN_OBJC_IMPLICIT_RETAIN_SELF = YES;
				CLANG_WARN_OBJC_LITERAL_CONVERSION = YES;
				CLANG_WARN_OBJC_ROOT_CLASS = YES_ERROR;
				CLANG_WARN_QUOTED_INCLUDE_IN_FRAMEWORK_HEADER = YES;
				CLANG_WARN_RANGE_LOOP_ANALYSIS = YES;
				CLANG_WARN_STRICT_PROTOTYPES = YES;
				CLANG_WARN_SUSPICIOUS_MOVE = YES;
				CLANG_WARN_UNGUARDED_AVAILABILITY = YES_AGGRESSIVE;
				CLANG_WARN_UNREACHABLE_CODE = YES;
				CLANG_WARN__DUPLICATE_METHOD_MATCH = YES;
				COPY_PHASE_STRIP = NO;
				DEBUG_INFORMATION_FORMAT = "dwarf-with-dsym";
				ENABLE_NS_ASSERTIONS = NO;
				ENABLE_STRICT_OBJC_MSGSEND = YES;
				ENABLE_USER_SCRIPT_SANDBOXING = YES;
				GCC_C_LANGUAGE_STANDARD = gnu17;
				GCC_NO_COMMON_BLOCKS = YES;
				GCC_WARN_64_TO_32_BIT_CONVERSION = YES;
				GCC_WARN_ABOUT_RETURN_TYPE = YES_ERROR;
				GCC_WARN_UNDECLARED_SELECTOR = YES;
				GCC_WARN_UNINITIALIZED_AUTOS = YES_AGGRESSIVE;
				GCC_WARN_UNUSED_FUNCTION = YES;
				GCC_WARN_UNUSED_VARIABLE = YES;
				IPHONEOS_DEPLOYMENT_TARGET = 17.5;
				LOCALIZATION_PREFERS_STRING_CATALOGS = YES;
				MTL_ENABLE_DEBUG_INFO = NO;
				MTL_FAST_MATH = YES;
				SDKROOT = iphoneos;
				SWIFT_COMPILATION_MODE = wholemodule;
				VALIDATE_PRODUCT = YES;
			};
			name = Release;
		};
		BBBFA0282C4042E5001C4A74 /* Debug */ = {
			isa = XCBuildConfiguration;
			buildSettings = {
				ASSETCATALOG_COMPILER_APPICON_NAME = AppIcon;
				ASSETCATALOG_COMPILER_GLOBAL_ACCENT_COLOR_NAME = AccentColor;
				CODE_SIGN_STYLE = Automatic;
				CURRENT_PROJECT_VERSION = 1;
				DEVELOPMENT_ASSET_PATHS = "\"FormValidationWithViewModel/Preview Content\"";
				DEVELOPMENT_TEAM = SV7C5B9J9Y;
				ENABLE_PREVIEWS = YES;
				GENERATE_INFOPLIST_FILE = YES;
				INFOPLIST_KEY_UIApplicationSceneManifest_Generation = YES;
				INFOPLIST_KEY_UIApplicationSupportsIndirectInputEvents = YES;
				INFOPLIST_KEY_UILaunchScreen_Generation = YES;
				INFOPLIST_KEY_UISupportedInterfaceOrientations_iPad = "UIInterfaceOrientationPortrait UIInterfaceOrientationPortraitUpsideDown UIInterfaceOrientationLandscapeLeft UIInterfaceOrientationLandscapeRight";
				INFOPLIST_KEY_UISupportedInterfaceOrientations_iPhone = "UIInterfaceOrientationPortrait UIInterfaceOrientationLandscapeLeft UIInterfaceOrientationLandscapeRight";
				LD_RUNPATH_SEARCH_PATHS = (
					"$(inherited)",
					"@executable_path/Frameworks",
				);
				MARKETING_VERSION = 1.0;
				PRODUCT_BUNDLE_IDENTIFIER = "Personal-Project.FormValidationWithViewModel";
				PRODUCT_NAME = "$(TARGET_NAME)";
				SWIFT_EMIT_LOC_STRINGS = YES;
				SWIFT_VERSION = 5.0;
				TARGETED_DEVICE_FAMILY = "1,2";
			};
			name = Debug;
		};
		BBBFA0292C4042E5001C4A74 /* Release */ = {
			isa = XCBuildConfiguration;
			buildSettings = {
				ASSETCATALOG_COMPILER_APPICON_NAME = AppIcon;
				ASSETCATALOG_COMPILER_GLOBAL_ACCENT_COLOR_NAME = AccentColor;
				CODE_SIGN_STYLE = Automatic;
				CURRENT_PROJECT_VERSION = 1;
				DEVELOPMENT_ASSET_PATHS = "\"FormValidationWithViewModel/Preview Content\"";
				DEVELOPMENT_TEAM = SV7C5B9J9Y;
				ENABLE_PREVIEWS = YES;
				GENERATE_INFOPLIST_FILE = YES;
				INFOPLIST_KEY_UIApplicationSceneManifest_Generation = YES;
				INFOPLIST_KEY_UIApplicationSupportsIndirectInputEvents = YES;
				INFOPLIST_KEY_UILaunchScreen_Generation = YES;
				INFOPLIST_KEY_UISupportedInterfaceOrientations_iPad = "UIInterfaceOrientationPortrait UIInterfaceOrientationPortraitUpsideDown UIInterfaceOrientationLandscapeLeft UIInterfaceOrientationLandscapeRight";
				INFOPLIST_KEY_UISupportedInterfaceOrientations_iPhone = "UIInterfaceOrientationPortrait UIInterfaceOrientationLandscapeLeft UIInterfaceOrientationLandscapeRight";
				LD_RUNPATH_SEARCH_PATHS = (
					"$(inherited)",
					"@executable_path/Frameworks",
				);
				MARKETING_VERSION = 1.0;
				PRODUCT_BUNDLE_IDENTIFIER = "Personal-Project.FormValidationWithViewModel";
				PRODUCT_NAME = "$(TARGET_NAME)";
				SWIFT_EMIT_LOC_STRINGS = YES;
				SWIFT_VERSION = 5.0;
				TARGETED_DEVICE_FAMILY = "1,2";
			};
			name = Release;
		};
		BBBFA02B2C4042E5001C4A74 /* Debug */ = {
			isa = XCBuildConfiguration;
			buildSettings = {
				ALWAYS_EMBED_SWIFT_STANDARD_LIBRARIES = YES;
				BUNDLE_LOADER = "$(TEST_HOST)";
				CODE_SIGN_STYLE = Automatic;
				CURRENT_PROJECT_VERSION = 1;
				DEVELOPMENT_TEAM = SV7C5B9J9Y;
				GENERATE_INFOPLIST_FILE = YES;
				IPHONEOS_DEPLOYMENT_TARGET = 17.5;
				MARKETING_VERSION = 1.0;
				PRODUCT_BUNDLE_IDENTIFIER = "Personal-Project.FormValidationWithViewModelTests";
				PRODUCT_NAME = "$(TARGET_NAME)";
				SWIFT_EMIT_LOC_STRINGS = NO;
				SWIFT_VERSION = 5.0;
				TARGETED_DEVICE_FAMILY = "1,2";
				TEST_HOST = "$(BUILT_PRODUCTS_DIR)/FormValidationWithViewModel.app/$(BUNDLE_EXECUTABLE_FOLDER_PATH)/FormValidationWithViewModel";
			};
			name = Debug;
		};
		BBBFA02C2C4042E5001C4A74 /* Release */ = {
			isa = XCBuildConfiguration;
			buildSettings = {
				ALWAYS_EMBED_SWIFT_STANDARD_LIBRARIES = YES;
				BUNDLE_LOADER = "$(TEST_HOST)";
				CODE_SIGN_STYLE = Automatic;
				CURRENT_PROJECT_VERSION = 1;
				DEVELOPMENT_TEAM = SV7C5B9J9Y;
				GENERATE_INFOPLIST_FILE = YES;
				IPHONEOS_DEPLOYMENT_TARGET = 17.5;
				MARKETING_VERSION = 1.0;
				PRODUCT_BUNDLE_IDENTIFIER = "Personal-Project.FormValidationWithViewModelTests";
				PRODUCT_NAME = "$(TARGET_NAME)";
				SWIFT_EMIT_LOC_STRINGS = NO;
				SWIFT_VERSION = 5.0;
				TARGETED_DEVICE_FAMILY = "1,2";
				TEST_HOST = "$(BUILT_PRODUCTS_DIR)/FormValidationWithViewModel.app/$(BUNDLE_EXECUTABLE_FOLDER_PATH)/FormValidationWithViewModel";
			};
			name = Release;
		};
		BBBFA02E2C4042E5001C4A74 /* Debug */ = {
			isa = XCBuildConfiguration;
			buildSettings = {
				ALWAYS_EMBED_SWIFT_STANDARD_LIBRARIES = YES;
				CODE_SIGN_STYLE = Automatic;
				CURRENT_PROJECT_VERSION = 1;
				DEVELOPMENT_TEAM = SV7C5B9J9Y;
				GENERATE_INFOPLIST_FILE = YES;
				MARKETING_VERSION = 1.0;
				PRODUCT_BUNDLE_IDENTIFIER = "Personal-Project.FormValidationWithViewModelUITests";
				PRODUCT_NAME = "$(TARGET_NAME)";
				SWIFT_EMIT_LOC_STRINGS = NO;
				SWIFT_VERSION = 5.0;
				TARGETED_DEVICE_FAMILY = "1,2";
				TEST_TARGET_NAME = FormValidationWithViewModel;
			};
			name = Debug;
		};
		BBBFA02F2C4042E5001C4A74 /* Release */ = {
			isa = XCBuildConfiguration;
			buildSettings = {
				ALWAYS_EMBED_SWIFT_STANDARD_LIBRARIES = YES;
				CODE_SIGN_STYLE = Automatic;
				CURRENT_PROJECT_VERSION = 1;
				DEVELOPMENT_TEAM = SV7C5B9J9Y;
				GENERATE_INFOPLIST_FILE = YES;
				MARKETING_VERSION = 1.0;
				PRODUCT_BUNDLE_IDENTIFIER = "Personal-Project.FormValidationWithViewModelUITests";
				PRODUCT_NAME = "$(TARGET_NAME)";
				SWIFT_EMIT_LOC_STRINGS = NO;
				SWIFT_VERSION = 5.0;
				TARGETED_DEVICE_FAMILY = "1,2";
				TEST_TARGET_NAME = FormValidationWithViewModel;
			};
			name = Release;
		};
/* End XCBuildConfiguration section */

/* Begin XCConfigurationList section */
		BBBF9FFE2C4042E4001C4A74 /* Build configuration list for PBXProject "FormValidationWithViewModel" */ = {
			isa = XCConfigurationList;
			buildConfigurations = (
				BBBFA0252C4042E5001C4A74 /* Debug */,
				BBBFA0262C4042E5001C4A74 /* Release */,
			);
			defaultConfigurationIsVisible = 0;
			defaultConfigurationName = Release;
		};
		BBBFA0272C4042E5001C4A74 /* Build configuration list for PBXNativeTarget "FormValidationWithViewModel" */ = {
			isa = XCConfigurationList;
			buildConfigurations = (
				BBBFA0282C4042E5001C4A74 /* Debug */,
				BBBFA0292C4042E5001C4A74 /* Release */,
			);
			defaultConfigurationIsVisible = 0;
			defaultConfigurationName = Release;
		};
		BBBFA02A2C4042E5001C4A74 /* Build configuration list for PBXNativeTarget "FormValidationWithViewModelTests" */ = {
			isa = XCConfigurationList;
			buildConfigurations = (
				BBBFA02B2C4042E5001C4A74 /* Debug */,
				BBBFA02C2C4042E5001C4A74 /* Release */,
			);
			defaultConfigurationIsVisible = 0;
			defaultConfigurationName = Release;
		};
		BBBFA02D2C4042E5001C4A74 /* Build configuration list for PBXNativeTarget "FormValidationWithViewModelUITests" */ = {
			isa = XCConfigurationList;
			buildConfigurations = (
				BBBFA02E2C4042E5001C4A74 /* Debug */,
				BBBFA02F2C4042E5001C4A74 /* Release */,
			);
			defaultConfigurationIsVisible = 0;
			defaultConfigurationName = Release;
		};
/* End XCConfigurationList section */
	};
	rootObject = BBBF9FFB2C4042E4001C4A74 /* Project object */;
}
